
Microsoft Visual Studio Solution File, Format Version 12.00
# Visual Studio Version 17
VisualStudioVersion = 17.5.2.0
MinimumVisualStudioVersion = 10.0.40219.1
Project("{2150E333-8FDC-42A3-9474-1A3956D46DE8}") = "backend", "backend", "{1AE8ACA6-933B-BF2A-3671-3E2EAC007D16}"
EndProject
Project("{FAE04EC0-301F-11D3-BF4B-00C04F79EFBC}") = "Api", "backend\Api\Api.csproj", "{A28F0853-CD93-D005-10F9-5F5C999F3E51}"
EndProject
Project("{FAE04EC0-301F-11D3-BF4B-00C04F79EFBC}") = "Application", "backend\Application\Application.csproj", "{09B42AD5-BBE1-572C-B555-FF85175AD7CA}"
EndProject
Project("{FAE04EC0-301F-11D3-BF4B-00C04F79EFBC}") = "Infrastructure", "backend\Infrastructure\Infrastructure.csproj", "{BAC07D44-E017-A073-6C9A-C5B760BE66C1}"
EndProject
Project("{FAE04EC0-301F-11D3-BF4B-00C04F79EFBC}") = "Domain", "backend\Domain\Domain.csproj", "{1AF93A02-C695-A740-C744-9453045209F4}"
EndProject
Project("{2150E333-8FDC-42A3-9474-1A3956D46DE8}") = "Tests", "Tests", "{F57642F3-C37C-D174-720E-6A6AAD5BEE22}"
EndProject
Project("{FAE04EC0-301F-11D3-BF4B-00C04F79EFBC}") = "Tests", "backend\Tests\Tests.csproj", "{258BA87B-795E-48A4-A62B-4F2030DC0AA9}"
EndProject
Global
	GlobalSection(SolutionConfigurationPlatforms) = preSolution
		Debug|Any CPU = Debug|Any CPU
		Debug|x64 = Debug|x64
		Debug|x86 = Debug|x86
		Release|Any CPU = Release|Any CPU
		Release|x64 = Release|x64
		Release|x86 = Release|x86
	EndGlobalSection
	GlobalSection(ProjectConfigurationPlatforms) = postSolution
		{A28F0853-CD93-D005-10F9-5F5C999F3E51}.Debug|Any CPU.ActiveCfg = Debug|Any CPU
		{A28F0853-CD93-D005-10F9-5F5C999F3E51}.Debug|Any CPU.Build.0 = Debug|Any CPU
		{A28F0853-CD93-D005-10F9-5F5C999F3E51}.Debug|x64.ActiveCfg = Debug|Any CPU
		{A28F0853-CD93-D005-10F9-5F5C999F3E51}.Debug|x64.Build.0 = Debug|Any CPU
		{A28F0853-CD93-D005-10F9-5F5C999F3E51}.Debug|x86.ActiveCfg = Debug|Any CPU
		{A28F0853-CD93-D005-10F9-5F5C999F3E51}.Debug|x86.Build.0 = Debug|Any CPU
		{A28F0853-CD93-D005-10F9-5F5C999F3E51}.Release|Any CPU.ActiveCfg = Release|Any CPU
		{A28F0853-CD93-D005-10F9-5F5C999F3E51}.Release|Any CPU.Build.0 = Release|Any CPU
		{A28F0853-CD93-D005-10F9-5F5C999F3E51}.Release|x64.ActiveCfg = Release|Any CPU
		{A28F0853-CD93-D005-10F9-5F5C999F3E51}.Release|x64.Build.0 = Release|Any CPU
		{A28F0853-CD93-D005-10F9-5F5C999F3E51}.Release|x86.ActiveCfg = Release|Any CPU
		{A28F0853-CD93-D005-10F9-5F5C999F3E51}.Release|x86.Build.0 = Release|Any CPU
		{09B42AD5-BBE1-572C-B555-FF85175AD7CA}.Debug|Any CPU.ActiveCfg = Debug|Any CPU
		{09B42AD5-BBE1-572C-B555-FF85175AD7CA}.Debug|Any CPU.Build.0 = Debug|Any CPU
		{09B42AD5-BBE1-572C-B555-FF85175AD7CA}.Debug|x64.ActiveCfg = Debug|Any CPU
		{09B42AD5-BBE1-572C-B555-FF85175AD7CA}.Debug|x64.Build.0 = Debug|Any CPU
		{09B42AD5-BBE1-572C-B555-FF85175AD7CA}.Debug|x86.ActiveCfg = Debug|Any CPU
		{09B42AD5-BBE1-572C-B555-FF85175AD7CA}.Debug|x86.Build.0 = Debug|Any CPU
		{09B42AD5-BBE1-572C-B555-FF85175AD7CA}.Release|Any CPU.ActiveCfg = Release|Any CPU
		{09B42AD5-BBE1-572C-B555-FF85175AD7CA}.Release|Any CPU.Build.0 = Release|Any CPU
		{09B42AD5-BBE1-572C-B555-FF85175AD7CA}.Release|x64.ActiveCfg = Release|Any CPU
		{09B42AD5-BBE1-572C-B555-FF85175AD7CA}.Release|x64.Build.0 = Release|Any CPU
		{09B42AD5-BBE1-572C-B555-FF85175AD7CA}.Release|x86.ActiveCfg = Release|Any CPU
		{09B42AD5-BBE1-572C-B555-FF85175AD7CA}.Release|x86.Build.0 = Release|Any CPU
		{BAC07D44-E017-A073-6C9A-C5B760BE66C1}.Debug|Any CPU.ActiveCfg = Debug|Any CPU
		{BAC07D44-E017-A073-6C9A-C5B760BE66C1}.Debug|Any CPU.Build.0 = Debug|Any CPU
		{BAC07D44-E017-A073-6C9A-C5B760BE66C1}.Debug|x64.ActiveCfg = Debug|Any CPU
		{BAC07D44-E017-A073-6C9A-C5B760BE66C1}.Debug|x64.Build.0 = Debug|Any CPU
		{BAC07D44-E017-A073-6C9A-C5B760BE66C1}.Debug|x86.ActiveCfg = Debug|Any CPU
		{BAC07D44-E017-A073-6C9A-C5B760BE66C1}.Debug|x86.Build.0 = Debug|Any CPU
		{BAC07D44-E017-A073-6C9A-C5B760BE66C1}.Release|Any CPU.ActiveCfg = Release|Any CPU
		{BAC07D44-E017-A073-6C9A-C5B760BE66C1}.Release|Any CPU.Build.0 = Release|Any CPU
		{BAC07D44-E017-A073-6C9A-C5B760BE66C1}.Release|x64.ActiveCfg = Release|Any CPU
		{BAC07D44-E017-A073-6C9A-C5B760BE66C1}.Release|x64.Build.0 = Release|Any CPU
		{BAC07D44-E017-A073-6C9A-C5B760BE66C1}.Release|x86.ActiveCfg = Release|Any CPU
		{BAC07D44-E017-A073-6C9A-C5B760BE66C1}.Release|x86.Build.0 = Release|Any CPU
		{1AF93A02-C695-A740-C744-9453045209F4}.Debug|Any CPU.ActiveCfg = Debug|Any CPU
		{1AF93A02-C695-A740-C744-9453045209F4}.Debug|Any CPU.Build.0 = Debug|Any CPU
		{1AF93A02-C695-A740-C744-9453045209F4}.Debug|x64.ActiveCfg = Debug|Any CPU
		{1AF93A02-C695-A740-C744-9453045209F4}.Debug|x64.Build.0 = Debug|Any CPU
		{1AF93A02-C695-A740-C744-9453045209F4}.Debug|x86.ActiveCfg = Debug|Any CPU
		{1AF93A02-C695-A740-C744-9453045209F4}.Debug|x86.Build.0 = Debug|Any CPU
		{1AF93A02-C695-A740-C744-9453045209F4}.Release|Any CPU.ActiveCfg = Release|Any CPU
		{1AF93A02-C695-A740-C744-9453045209F4}.Release|Any CPU.Build.0 = Release|Any CPU
		{1AF93A02-C695-A740-C744-9453045209F4}.Release|x64.ActiveCfg = Release|Any CPU
		{1AF93A02-C695-A740-C744-9453045209F4}.Release|x64.Build.0 = Release|Any CPU
		{1AF93A02-C695-A740-C744-9453045209F4}.Release|x86.ActiveCfg = Release|Any CPU
		{1AF93A02-C695-A740-C744-9453045209F4}.Release|x86.Build.0 = Release|Any CPU
		{258BA87B-795E-48A4-A62B-4F2030DC0AA9}.Debug|Any CPU.ActiveCfg = Debug|Any CPU
		{258BA87B-795E-48A4-A62B-4F2030DC0AA9}.Debug|Any CPU.Build.0 = Debug|Any CPU
		{258BA87B-795E-48A4-A62B-4F2030DC0AA9}.Debug|x64.ActiveCfg = Debug|Any CPU
		{258BA87B-795E-48A4-A62B-4F2030DC0AA9}.Debug|x64.Build.0 = Debug|Any CPU
		{258BA87B-795E-48A4-A62B-4F2030DC0AA9}.Debug|x86.ActiveCfg = Debug|Any CPU
		{258BA87B-795E-48A4-A62B-4F2030DC0AA9}.Debug|x86.Build.0 = Debug|Any CPU
		{258BA87B-795E-48A4-A62B-4F2030DC0AA9}.Release|Any CPU.ActiveCfg = Release|Any CPU
		{258BA87B-795E-48A4-A62B-4F2030DC0AA9}.Release|Any CPU.Build.0 = Release|Any CPU
		{258BA87B-795E-48A4-A62B-4F2030DC0AA9}.Release|x64.ActiveCfg = Release|Any CPU
		{258BA87B-795E-48A4-A62B-4F2030DC0AA9}.Release|x64.Build.0 = Release|Any CPU
		{258BA87B-795E-48A4-A62B-4F2030DC0AA9}.Release|x86.ActiveCfg = Release|Any CPU
		{258BA87B-795E-48A4-A62B-4F2030DC0AA9}.Release|x86.Build.0 = Release|Any CPU
	EndGlobalSection
	GlobalSection(SolutionProperties) = preSolution
		HideSolutionNode = FALSE
	EndGlobalSection
	GlobalSection(NestedProjects) = preSolution
		{A28F0853-CD93-D005-10F9-5F5C999F3E51} = {1AE8ACA6-933B-BF2A-3671-3E2EAC007D16}
		{09B42AD5-BBE1-572C-B555-FF85175AD7CA} = {1AE8ACA6-933B-BF2A-3671-3E2EAC007D16}
		{BAC07D44-E017-A073-6C9A-C5B760BE66C1} = {1AE8ACA6-933B-BF2A-3671-3E2EAC007D16}
		{1AF93A02-C695-A740-C744-9453045209F4} = {1AE8ACA6-933B-BF2A-3671-3E2EAC007D16}
		{F57642F3-C37C-D174-720E-6A6AAD5BEE22} = {1AE8ACA6-933B-BF2A-3671-3E2EAC007D16}
		{258BA87B-795E-48A4-A62B-4F2030DC0AA9} = {F57642F3-C37C-D174-720E-6A6AAD5BEE22}
	EndGlobalSection
	GlobalSection(ExtensibilityGlobals) = postSolution
		SolutionGuid = {17C31724-0C1B-4917-B356-D24C5847EF03}
	EndGlobalSection
EndGlobal
